
Microsoft Visual Studio Solution File, Format Version 12.00
# Visual Studio Version 16
VisualStudioVersion = 16.0.31515.178
MinimumVisualStudioVersion = 10.0.40219.1
Project("{FAE04EC0-301F-11D3-BF4B-00C04F79EFBC}") = "OopsDemo", "OopsDemo\OopsDemo.csproj", "{9B671217-9737-43A9-BF85-349ADA0B3330}"
EndProject
Global
	GlobalSection(SolutionConfigurationPlatforms) = preSolution
		Debug|Any CPU = Debug|Any CPU
		Release|Any CPU = Release|Any CPU
	EndGlobalSection
	GlobalSection(ProjectConfigurationPlatforms) = postSolution
		{9B671217-9737-43A9-BF85-349ADA0B3330}.Debug|Any CPU.ActiveCfg = Debug|Any CPU
		{9B671217-9737-43A9-BF85-349ADA0B3330}.Debug|Any CPU.Build.0 = Debug|Any CPU
		{9B671217-9737-43A9-BF85-349ADA0B3330}.Release|Any CPU.ActiveCfg = Release|Any CPU
		{9B671217-9737-43A9-BF85-349ADA0B3330}.Release|Any CPU.Build.0 = Release|Any CPU
	EndGlobalSection
	GlobalSection(SolutionProperties) = preSolution
		HideSolutionNode = FALSE
	EndGlobalSection
	GlobalSection(ExtensibilityGlobals) = postSolution
		SolutionGuid = {1AF3E6DE-B6DB-49D1-BCDC-B96D5A228882}
	EndGlobalSection
EndGlobal
