
Microsoft Visual Studio Solution File, Format Version 12.00
# Visual Studio Version 16
VisualStudioVersion = 16.0.31515.178
MinimumVisualStudioVersion = 10.0.40219.1
Project("{FAE04EC0-301F-11D3-BF4B-00C04F79EFBC}") = "FileDemo", "FileDemo\FileDemo.csproj", "{96C2D4C0-C653-4FDF-8C4C-074017B33D98}"
EndProject
Global
	GlobalSection(SolutionConfigurationPlatforms) = preSolution
		Debug|Any CPU = Debug|Any CPU
		Release|Any CPU = Release|Any CPU
	EndGlobalSection
	GlobalSection(ProjectConfigurationPlatforms) = postSolution
		{96C2D4C0-C653-4FDF-8C4C-074017B33D98}.Debug|Any CPU.ActiveCfg = Debug|Any CPU
		{96C2D4C0-C653-4FDF-8C4C-074017B33D98}.Debug|Any CPU.Build.0 = Debug|Any CPU
		{96C2D4C0-C653-4FDF-8C4C-074017B33D98}.Release|Any CPU.ActiveCfg = Release|Any CPU
		{96C2D4C0-C653-4FDF-8C4C-074017B33D98}.Release|Any CPU.Build.0 = Release|Any CPU
	EndGlobalSection
	GlobalSection(SolutionProperties) = preSolution
		HideSolutionNode = FALSE
	EndGlobalSection
	GlobalSection(ExtensibilityGlobals) = postSolution
		SolutionGuid = {618A0BC1-D228-41AB-AE46-3D9FC64601B3}
	EndGlobalSection
EndGlobal
