
Microsoft Visual Studio Solution File, Format Version 12.00
# Visual Studio Version 16
VisualStudioVersion = 16.0.31515.178
MinimumVisualStudioVersion = 10.0.40219.1
Project("{FAE04EC0-301F-11D3-BF4B-00C04F79EFBC}") = "CollectionDemo", "CollectionDemo\CollectionDemo.csproj", "{EB05F41E-F342-4614-A7A5-6547ECB34994}"
EndProject
Global
	GlobalSection(SolutionConfigurationPlatforms) = preSolution
		Debug|Any CPU = Debug|Any CPU
		Release|Any CPU = Release|Any CPU
	EndGlobalSection
	GlobalSection(ProjectConfigurationPlatforms) = postSolution
		{EB05F41E-F342-4614-A7A5-6547ECB34994}.Debug|Any CPU.ActiveCfg = Debug|Any CPU
		{EB05F41E-F342-4614-A7A5-6547ECB34994}.Debug|Any CPU.Build.0 = Debug|Any CPU
		{EB05F41E-F342-4614-A7A5-6547ECB34994}.Release|Any CPU.ActiveCfg = Release|Any CPU
		{EB05F41E-F342-4614-A7A5-6547ECB34994}.Release|Any CPU.Build.0 = Release|Any CPU
	EndGlobalSection
	GlobalSection(SolutionProperties) = preSolution
		HideSolutionNode = FALSE
	EndGlobalSection
	GlobalSection(ExtensibilityGlobals) = postSolution
		SolutionGuid = {8449EF8E-4FC2-4BA8-AFDE-775A4056A224}
	EndGlobalSection
EndGlobal
